// !$*UTF8*$!
{
	archiveVersion = 1;
	classes = {
	};
	objectVersion = 77;
	objects = {

/* Begin PBXContainerItemProxy section */
		4D95C5E22CD65099006614C1 /* PBXContainerItemProxy */ = {
			isa = PBXContainerItemProxy;
			containerPortal = 4D95C5C92CD65098006614C1 /* Project object */;
			proxyType = 1;
			remoteGlobalIDString = 4D95C5D02CD65098006614C1;
			remoteInfo = HarryPotter;
		};
		4D95C5EC2CD65099006614C1 /* PBXContainerItemProxy */ = {
			isa = PBXContainerItemProxy;
			containerPortal = 4D95C5C92CD65098006614C1 /* Project object */;
			proxyType = 1;
			remoteGlobalIDString = 4D95C5D02CD65098006614C1;
			remoteInfo = HarryPotter;
		};
/* End PBXContainerItemProxy section */

/* Begin PBXFileReference section */
		4D1164ED2CE1CD8200C86D07 /* README.md */ = {isa = PBXFileReference; lastKnownFileType = net.daringfireball.markdown; path = README.md; sourceTree = "<group>"; };
		4D1164F12CE1CE7B00C86D07 /* ComponentDependencies.png */ = {isa = PBXFileReference; lastKnownFileType = image.png; name = ComponentDependencies.png; path = DesignResources/ComponentDependencies.png; sourceTree = "<group>"; };
		4D95C5D12CD65098006614C1 /* HarryPotter.app */ = {isa = PBXFileReference; explicitFileType = wrapper.application; includeInIndex = 0; path = HarryPotter.app; sourceTree = BUILT_PRODUCTS_DIR; };
		4D95C5E12CD65099006614C1 /* HarryPotterTests.xctest */ = {isa = PBXFileReference; explicitFileType = wrapper.cfbundle; includeInIndex = 0; path = HarryPotterTests.xctest; sourceTree = BUILT_PRODUCTS_DIR; };
		4D95C5EB2CD65099006614C1 /* HarryPotterUITests.xctest */ = {isa = PBXFileReference; explicitFileType = wrapper.cfbundle; includeInIndex = 0; path = HarryPotterUITests.xctest; sourceTree = BUILT_PRODUCTS_DIR; };
/* End PBXFileReference section */

/* Begin PBXFileSystemSynchronizedBuildFileExceptionSet section */
		4D8D0D002CE17ACC000CC9A6 /* Exceptions for "HarryPotter" folder in "HarryPotter" target */ = {
			isa = PBXFileSystemSynchronizedBuildFileExceptionSet;
			membershipExceptions = (
				ComponentDependencies.png,
			);
			target = 4D95C5D02CD65098006614C1 /* HarryPotter */;
		};
/* End PBXFileSystemSynchronizedBuildFileExceptionSet section */

/* Begin PBXFileSystemSynchronizedRootGroup section */
		4D95C5D32CD65098006614C1 /* HarryPotter */ = {
			isa = PBXFileSystemSynchronizedRootGroup;
			exceptions = (
				4D8D0D002CE17ACC000CC9A6 /* Exceptions for "HarryPotter" folder in "HarryPotter" target */,
			);
			path = HarryPotter;
			sourceTree = "<group>";
		};
		4D95C5E42CD65099006614C1 /* HarryPotterTests */ = {
			isa = PBXFileSystemSynchronizedRootGroup;
			path = HarryPotterTests;
			sourceTree = "<group>";
		};
		4D95C5EE2CD65099006614C1 /* HarryPotterUITests */ = {
			isa = PBXFileSystemSynchronizedRootGroup;
			path = HarryPotterUITests;
			sourceTree = "<group>";
		};
/* End PBXFileSystemSynchronizedRootGroup section */

/* Begin PBXFrameworksBuildPhase section */
		4D95C5CE2CD65098006614C1 /* Frameworks */ = {
			isa = PBXFrameworksBuildPhase;
			buildActionMask = 2147483647;
			files = (
			);
			runOnlyForDeploymentPostprocessing = 0;
		};
		4D95C5DE2CD65099006614C1 /* Frameworks */ = {
			isa = PBXFrameworksBuildPhase;
			buildActionMask = 2147483647;
			files = (
			);
			runOnlyForDeploymentPostprocessing = 0;
		};
		4D95C5E82CD65099006614C1 /* Frameworks */ = {
			isa = PBXFrameworksBuildPhase;
			buildActionMask = 2147483647;
			files = (
			);
			runOnlyForDeploymentPostprocessing = 0;
		};
/* End PBXFrameworksBuildPhase section */

/* Begin PBXGroup section */
		4D95C5C82CD65098006614C1 = {
			isa = PBXGroup;
			children = (
				4D1164F12CE1CE7B00C86D07 /* ComponentDependencies.png */,
				4D1164ED2CE1CD8200C86D07 /* README.md */,
				4D95C5D32CD65098006614C1 /* HarryPotter */,
				4D95C5E42CD65099006614C1 /* HarryPotterTests */,
				4D95C5EE2CD65099006614C1 /* HarryPotterUITests */,
				4D95C5D22CD65098006614C1 /* Products */,
			);
			sourceTree = "<group>";
		};
		4D95C5D22CD65098006614C1 /* Products */ = {
			isa = PBXGroup;
			children = (
				4D95C5D12CD65098006614C1 /* HarryPotter.app */,
				4D95C5E12CD65099006614C1 /* HarryPotterTests.xctest */,
				4D95C5EB2CD65099006614C1 /* HarryPotterUITests.xctest */,
			);
			name = Products;
			sourceTree = "<group>";
		};
/* End PBXGroup section */

/* Begin PBXNativeTarget section */
		4D95C5D02CD65098006614C1 /* HarryPotter */ = {
			isa = PBXNativeTarget;
			buildConfigurationList = 4D95C5F52CD65099006614C1 /* Build configuration list for PBXNativeTarget "HarryPotter" */;
			buildPhases = (
				4D95C5CD2CD65098006614C1 /* Sources */,
				4D95C5CE2CD65098006614C1 /* Frameworks */,
				4D95C5CF2CD65098006614C1 /* Resources */,
			);
			buildRules = (
			);
			dependencies = (
			);
			fileSystemSynchronizedGroups = (
				4D95C5D32CD65098006614C1 /* HarryPotter */,
			);
			name = HarryPotter;
			packageProductDependencies = (
			);
			productName = HarryPotter;
			productReference = 4D95C5D12CD65098006614C1 /* HarryPotter.app */;
			productType = "com.apple.product-type.application";
		};
		4D95C5E02CD65099006614C1 /* HarryPotterTests */ = {
			isa = PBXNativeTarget;
			buildConfigurationList = 4D95C5F82CD65099006614C1 /* Build configuration list for PBXNativeTarget "HarryPotterTests" */;
			buildPhases = (
				4D95C5DD2CD65099006614C1 /* Sources */,
				4D95C5DE2CD65099006614C1 /* Frameworks */,
				4D95C5DF2CD65099006614C1 /* Resources */,
			);
			buildRules = (
			);
			dependencies = (
				4D95C5E32CD65099006614C1 /* PBXTargetDependency */,
			);
			fileSystemSynchronizedGroups = (
				4D95C5E42CD65099006614C1 /* HarryPotterTests */,
			);
			name = HarryPotterTests;
			packageProductDependencies = (
			);
			productName = HarryPotterTests;
			productReference = 4D95C5E12CD65099006614C1 /* HarryPotterTests.xctest */;
			productType = "com.apple.product-type.bundle.unit-test";
		};
		4D95C5EA2CD65099006614C1 /* HarryPotterUITests */ = {
			isa = PBXNativeTarget;
			buildConfigurationList = 4D95C5FB2CD65099006614C1 /* Build configuration list for PBXNativeTarget "HarryPotterUITests" */;
			buildPhases = (
				4D95C5E72CD65099006614C1 /* Sources */,
				4D95C5E82CD65099006614C1 /* Frameworks */,
				4D95C5E92CD65099006614C1 /* Resources */,
			);
			buildRules = (
			);
			dependencies = (
				4D95C5ED2CD65099006614C1 /* PBXTargetDependency */,
			);
			fileSystemSynchronizedGroups = (
				4D95C5EE2CD65099006614C1 /* HarryPotterUITests */,
			);
			name = HarryPotterUITests;
			packageProductDependencies = (
			);
			productName = HarryPotterUITests;
			productReference = 4D95C5EB2CD65099006614C1 /* HarryPotterUITests.xctest */;
			productType = "com.apple.product-type.bundle.ui-testing";
		};
/* End PBXNativeTarget section */

/* Begin PBXProject section */
		4D95C5C92CD65098006614C1 /* Project object */ = {
			isa = PBXProject;
			attributes = {
				BuildIndependentTargetsInParallel = 1;
				LastSwiftUpdateCheck = 1600;
				LastUpgradeCheck = 1600;
				TargetAttributes = {
					4D95C5D02CD65098006614C1 = {
						CreatedOnToolsVersion = 16.0;
					};
					4D95C5E02CD65099006614C1 = {
						CreatedOnToolsVersion = 16.0;
						TestTargetID = 4D95C5D02CD65098006614C1;
					};
					4D95C5EA2CD65099006614C1 = {
						CreatedOnToolsVersion = 16.0;
						TestTargetID = 4D95C5D02CD65098006614C1;
					};
				};
			};
			buildConfigurationList = 4D95C5CC2CD65098006614C1 /* Build configuration list for PBXProject "HarryPotter" */;
			developmentRegion = en;
			hasScannedForEncodings = 0;
			knownRegions = (
				en,
				Base,
			);
			mainGroup = 4D95C5C82CD65098006614C1;
			minimizedProjectReferenceProxies = 1;
			preferredProjectObjectVersion = 77;
			productRefGroup = 4D95C5D22CD65098006614C1 /* Products */;
			projectDirPath = "";
			projectRoot = "";
			targets = (
				4D95C5D02CD65098006614C1 /* HarryPotter */,
				4D95C5E02CD65099006614C1 /* HarryPotterTests */,
				4D95C5EA2CD65099006614C1 /* HarryPotterUITests */,
			);
		};
/* End PBXProject section */

/* Begin PBXResourcesBuildPhase section */
		4D95C5CF2CD65098006614C1 /* Resources */ = {
			isa = PBXResourcesBuildPhase;
			buildActionMask = 2147483647;
			files = (
			);
			runOnlyForDeploymentPostprocessing = 0;
		};
		4D95C5DF2CD65099006614C1 /* Resources */ = {
			isa = PBXResourcesBuildPhase;
			buildActionMask = 2147483647;
			files = (
			);
			runOnlyForDeploymentPostprocessing = 0;
		};
		4D95C5E92CD65099006614C1 /* Resources */ = {
			isa = PBXResourcesBuildPhase;
			buildActionMask = 2147483647;
			files = (
			);
			runOnlyForDeploymentPostprocessing = 0;
		};
/* End PBXResourcesBuildPhase section */

/* Begin PBXSourcesBuildPhase section */
		4D95C5CD2CD65098006614C1 /* Sources */ = {
			isa = PBXSourcesBuildPhase;
			buildActionMask = 2147483647;
			files = (
			);
			runOnlyForDeploymentPostprocessing = 0;
		};
		4D95C5DD2CD65099006614C1 /* Sources */ = {
			isa = PBXSourcesBuildPhase;
			buildActionMask = 2147483647;
			files = (
			);
			runOnlyForDeploymentPostprocessing = 0;
		};
		4D95C5E72CD65099006614C1 /* Sources */ = {
			isa = PBXSourcesBuildPhase;
			buildActionMask = 2147483647;
			files = (
			);
			runOnlyForDeploymentPostprocessing = 0;
		};
/* End PBXSourcesBuildPhase section */

/* Begin PBXTargetDependency section */
		4D95C5E32CD65099006614C1 /* PBXTargetDependency */ = {
			isa = PBXTargetDependency;
			target = 4D95C5D02CD65098006614C1 /* HarryPotter */;
			targetProxy = 4D95C5E22CD65099006614C1 /* PBXContainerItemProxy */;
		};
		4D95C5ED2CD65099006614C1 /* PBXTargetDependency */ = {
			isa = PBXTargetDependency;
			target = 4D95C5D02CD65098006614C1 /* HarryPotter */;
			targetProxy = 4D95C5EC2CD65099006614C1 /* PBXContainerItemProxy */;
		};
/* End PBXTargetDependency section */

/* Begin XCBuildConfiguration section */
		4D95C5F32CD65099006614C1 /* Debug */ = {
			isa = XCBuildConfiguration;
			buildSettings = {
				ALWAYS_SEARCH_USER_PATHS = NO;
				ASSETCATALOG_COMPILER_GENERATE_SWIFT_ASSET_SYMBOL_EXTENSIONS = YES;
				CLANG_ANALYZER_NONNULL = YES;
				CLANG_ANALYZER_NUMBER_OBJECT_CONVERSION = YES_AGGRESSIVE;
				CLANG_CXX_LANGUAGE_STANDARD = "gnu++20";
				CLANG_ENABLE_MODULES = YES;
				CLANG_ENABLE_OBJC_ARC = YES;
				CLANG_ENABLE_OBJC_WEAK = YES;
				CLANG_WARN_BLOCK_CAPTURE_AUTORELEASING = YES;
				CLANG_WARN_BOOL_CONVERSION = YES;
				CLANG_WARN_COMMA = YES;
				CLANG_WARN_CONSTANT_CONVERSION = YES;
				CLANG_WARN_DEPRECATED_OBJC_IMPLEMENTATIONS = YES;
				CLANG_WARN_DIRECT_OBJC_ISA_USAGE = YES_ERROR;
				CLANG_WARN_DOCUMENTATION_COMMENTS = YES;
				CLANG_WARN_EMPTY_BODY = YES;
				CLANG_WARN_ENUM_CONVERSION = YES;
				CLANG_WARN_INFINITE_RECURSION = YES;
				CLANG_WARN_INT_CONVERSION = YES;
				CLANG_WARN_NON_LITERAL_NULL_CONVERSION = YES;
				CLANG_WARN_OBJC_IMPLICIT_RETAIN_SELF = YES;
				CLANG_WARN_OBJC_LITERAL_CONVERSION = YES;
				CLANG_WARN_OBJC_ROOT_CLASS = YES_ERROR;
				CLANG_WARN_QUOTED_INCLUDE_IN_FRAMEWORK_HEADER = YES;
				CLANG_WARN_RANGE_LOOP_ANALYSIS = YES;
				CLANG_WARN_STRICT_PROTOTYPES = YES;
				CLANG_WARN_SUSPICIOUS_MOVE = YES;
				CLANG_WARN_UNGUARDED_AVAILABILITY = YES_AGGRESSIVE;
				CLANG_WARN_UNREACHABLE_CODE = YES;
				CLANG_WARN__DUPLICATE_METHOD_MATCH = YES;
				COPY_PHASE_STRIP = NO;
				DEBUG_INFORMATION_FORMAT = dwarf;
				ENABLE_STRICT_OBJC_MSGSEND = YES;
				ENABLE_TESTABILITY = YES;
				ENABLE_USER_SCRIPT_SANDBOXING = YES;
				GCC_C_LANGUAGE_STANDARD = gnu17;
				GCC_DYNAMIC_NO_PIC = NO;
				GCC_NO_COMMON_BLOCKS = YES;
				GCC_OPTIMIZATION_LEVEL = 0;
				GCC_PREPROCESSOR_DEFINITIONS = (
					"DEBUG=1",
					"$(inherited)",
				);
				GCC_WARN_64_TO_32_BIT_CONVERSION = YES;
				GCC_WARN_ABOUT_RETURN_TYPE = YES_ERROR;
				GCC_WARN_UNDECLARED_SELECTOR = YES;
				GCC_WARN_UNINITIALIZED_AUTOS = YES_AGGRESSIVE;
				GCC_WARN_UNUSED_FUNCTION = YES;
				GCC_WARN_UNUSED_VARIABLE = YES;
				IPHONEOS_DEPLOYMENT_TARGET = 17.6;
				LOCALIZATION_PREFERS_STRING_CATALOGS = YES;
				MTL_ENABLE_DEBUG_INFO = INCLUDE_SOURCE;
				MTL_FAST_MATH = YES;
				ONLY_ACTIVE_ARCH = YES;
				SDKROOT = iphoneos;
				SWIFT_ACTIVE_COMPILATION_CONDITIONS = "DEBUG $(inherited)";
				SWIFT_OPTIMIZATION_LEVEL = "-Onone";
			};
			name = Debug;
		};
		4D95C5F42CD65099006614C1 /* Release */ = {
			isa = XCBuildConfiguration;
			buildSettings = {
				ALWAYS_SEARCH_USER_PATHS = NO;
				ASSETCATALOG_COMPILER_GENERATE_SWIFT_ASSET_SYMBOL_EXTENSIONS = YES;
				CLANG_ANALYZER_NONNULL = YES;
				CLANG_ANALYZER_NUMBER_OBJECT_CONVERSION = YES_AGGRESSIVE;
				CLANG_CXX_LANGUAGE_STANDARD = "gnu++20";
				CLANG_ENABLE_MODULES = YES;
				CLANG_ENABLE_OBJC_ARC = YES;
				CLANG_ENABLE_OBJC_WEAK = YES;
				CLANG_WARN_BLOCK_CAPTURE_AUTORELEASING = YES;
				CLANG_WARN_BOOL_CONVERSION = YES;
				CLANG_WARN_COMMA = YES;
				CLANG_WARN_CONSTANT_CONVERSION = YES;
				CLANG_WARN_DEPRECATED_OBJC_IMPLEMENTATIONS = YES;
				CLANG_WARN_DIRECT_OBJC_ISA_USAGE = YES_ERROR;
				CLANG_WARN_DOCUMENTATION_COMMENTS = YES;
				CLANG_WARN_EMPTY_BODY = YES;
				CLANG_WARN_ENUM_CONVERSION = YES;
				CLANG_WARN_INFINITE_RECURSION = YES;
				CLANG_WARN_INT_CONVERSION = YES;
				CLANG_WARN_NON_LITERAL_NULL_CONVERSION = YES;
				CLANG_WARN_OBJC_IMPLICIT_RETAIN_SELF = YES;
				CLANG_WARN_OBJC_LITERAL_CONVERSION = YES;
				CLANG_WARN_OBJC_ROOT_CLASS = YES_ERROR;
				CLANG_WARN_QUOTED_INCLUDE_IN_FRAMEWORK_HEADER = YES;
				CLANG_WARN_RANGE_LOOP_ANALYSIS = YES;
				CLANG_WARN_STRICT_PROTOTYPES = YES;
				CLANG_WARN_SUSPICIOUS_MOVE = YES;
				CLANG_WARN_UNGUARDED_AVAILABILITY = YES_AGGRESSIVE;
				CLANG_WARN_UNREACHABLE_CODE = YES;
				CLANG_WARN__DUPLICATE_METHOD_MATCH = YES;
				COPY_PHASE_STRIP = NO;
				DEBUG_INFORMATION_FORMAT = "dwarf-with-dsym";
				ENABLE_NS_ASSERTIONS = NO;
				ENABLE_STRICT_OBJC_MSGSEND = YES;
				ENABLE_USER_SCRIPT_SANDBOXING = YES;
				GCC_C_LANGUAGE_STANDARD = gnu17;
				GCC_NO_COMMON_BLOCKS = YES;
				GCC_WARN_64_TO_32_BIT_CONVERSION = YES;
				GCC_WARN_ABOUT_RETURN_TYPE = YES_ERROR;
				GCC_WARN_UNDECLARED_SELECTOR = YES;
				GCC_WARN_UNINITIALIZED_AUTOS = YES_AGGRESSIVE;
				GCC_WARN_UNUSED_FUNCTION = YES;
				GCC_WARN_UNUSED_VARIABLE = YES;
				IPHONEOS_DEPLOYMENT_TARGET = 17.6;
				LOCALIZATION_PREFERS_STRING_CATALOGS = YES;
				MTL_ENABLE_DEBUG_INFO = NO;
				MTL_FAST_MATH = YES;
				SDKROOT = iphoneos;
				SWIFT_COMPILATION_MODE = wholemodule;
				VALIDATE_PRODUCT = YES;
			};
			name = Release;
		};
		4D95C5F62CD65099006614C1 /* Debug */ = {
			isa = XCBuildConfiguration;
			buildSettings = {
				ASSETCATALOG_COMPILER_APPICON_NAME = AppIcon;
				ASSETCATALOG_COMPILER_GLOBAL_ACCENT_COLOR_NAME = AccentColor;
				CODE_SIGN_STYLE = Automatic;
				CURRENT_PROJECT_VERSION = 1;
				DEVELOPMENT_ASSET_PATHS = "\"HarryPotter/Preview Content\"";
				DEVELOPMENT_TEAM = A9757N5ZXY;
				ENABLE_PREVIEWS = YES;
				GENERATE_INFOPLIST_FILE = YES;
				INFOPLIST_KEY_UIApplicationSceneManifest_Generation = YES;
				INFOPLIST_KEY_UIApplicationSupportsIndirectInputEvents = YES;
				INFOPLIST_KEY_UILaunchScreen_Generation = YES;
				INFOPLIST_KEY_UISupportedInterfaceOrientations_iPad = "UIInterfaceOrientationPortrait UIInterfaceOrientationPortraitUpsideDown UIInterfaceOrientationLandscapeLeft UIInterfaceOrientationLandscapeRight";
				INFOPLIST_KEY_UISupportedInterfaceOrientations_iPhone = "UIInterfaceOrientationPortrait UIInterfaceOrientationLandscapeLeft UIInterfaceOrientationLandscapeRight";
				IPHONEOS_DEPLOYMENT_TARGET = 17.6;
				LD_RUNPATH_SEARCH_PATHS = (
					"$(inherited)",
					"@executable_path/Frameworks",
				);
				MARKETING_VERSION = 1.0;
				PRODUCT_BUNDLE_IDENTIFIER = com.arkemm.HarryPotter;
				PRODUCT_NAME = "$(TARGET_NAME)";
				SWIFT_EMIT_LOC_STRINGS = YES;
				SWIFT_VERSION = 6.0;
				TARGETED_DEVICE_FAMILY = "1,2";
			};
			name = Debug;
		};
		4D95C5F72CD65099006614C1 /* Release */ = {
			isa = XCBuildConfiguration;
			buildSettings = {
				ASSETCATALOG_COMPILER_APPICON_NAME = AppIcon;
				ASSETCATALOG_COMPILER_GLOBAL_ACCENT_COLOR_NAME = AccentColor;
				CODE_SIGN_STYLE = Automatic;
				CURRENT_PROJECT_VERSION = 1;
				DEVELOPMENT_ASSET_PATHS = "\"HarryPotter/Preview Content\"";
				DEVELOPMENT_TEAM = A9757N5ZXY;
				ENABLE_PREVIEWS = YES;
				GENERATE_INFOPLIST_FILE = YES;
				INFOPLIST_KEY_UIApplicationSceneManifest_Generation = YES;
				INFOPLIST_KEY_UIApplicationSupportsIndirectInputEvents = YES;
				INFOPLIST_KEY_UILaunchScreen_Generation = YES;
				INFOPLIST_KEY_UISupportedInterfaceOrientations_iPad = "UIInterfaceOrientationPortrait UIInterfaceOrientationPortraitUpsideDown UIInterfaceOrientationLandscapeLeft UIInterfaceOrientationLandscapeRight";
				INFOPLIST_KEY_UISupportedInterfaceOrientations_iPhone = "UIInterfaceOrientationPortrait UIInterfaceOrientationLandscapeLeft UIInterfaceOrientationLandscapeRight";
				IPHONEOS_DEPLOYMENT_TARGET = 17.6;
				LD_RUNPATH_SEARCH_PATHS = (
					"$(inherited)",
					"@executable_path/Frameworks",
				);
				MARKETING_VERSION = 1.0;
				PRODUCT_BUNDLE_IDENTIFIER = com.arkemm.HarryPotter;
				PRODUCT_NAME = "$(TARGET_NAME)";
				SWIFT_EMIT_LOC_STRINGS = YES;
				SWIFT_VERSION = 6.0;
				TARGETED_DEVICE_FAMILY = "1,2";
			};
			name = Release;
		};
		4D95C5F92CD65099006614C1 /* Debug */ = {
			isa = XCBuildConfiguration;
			buildSettings = {
				BUNDLE_LOADER = "$(TEST_HOST)";
				CODE_SIGN_STYLE = Automatic;
				CURRENT_PROJECT_VERSION = 1;
				DEVELOPMENT_TEAM = A9757N5ZXY;
				GENERATE_INFOPLIST_FILE = YES;
				IPHONEOS_DEPLOYMENT_TARGET = 17.6;
				MARKETING_VERSION = 1.0;
				PRODUCT_BUNDLE_IDENTIFIER = com.arkemm.HarryPotterTests;
				PRODUCT_NAME = "$(TARGET_NAME)";
				SWIFT_EMIT_LOC_STRINGS = NO;
				SWIFT_VERSION = 5.0;
				TARGETED_DEVICE_FAMILY = "1,2";
				TEST_HOST = "$(BUILT_PRODUCTS_DIR)/HarryPotter.app/$(BUNDLE_EXECUTABLE_FOLDER_PATH)/HarryPotter";
			};
			name = Debug;
		};
		4D95C5FA2CD65099006614C1 /* Release */ = {
			isa = XCBuildConfiguration;
			buildSettings = {
				BUNDLE_LOADER = "$(TEST_HOST)";
				CODE_SIGN_STYLE = Automatic;
				CURRENT_PROJECT_VERSION = 1;
				DEVELOPMENT_TEAM = A9757N5ZXY;
				GENERATE_INFOPLIST_FILE = YES;
				IPHONEOS_DEPLOYMENT_TARGET = 17.6;
				MARKETING_VERSION = 1.0;
				PRODUCT_BUNDLE_IDENTIFIER = com.arkemm.HarryPotterTests;
				PRODUCT_NAME = "$(TARGET_NAME)";
				SWIFT_EMIT_LOC_STRINGS = NO;
				SWIFT_VERSION = 5.0;
				TARGETED_DEVICE_FAMILY = "1,2";
				TEST_HOST = "$(BUILT_PRODUCTS_DIR)/HarryPotter.app/$(BUNDLE_EXECUTABLE_FOLDER_PATH)/HarryPotter";
			};
			name = Release;
		};
		4D95C5FC2CD65099006614C1 /* Debug */ = {
			isa = XCBuildConfiguration;
			buildSettings = {
				CODE_SIGN_STYLE = Automatic;
				CURRENT_PROJECT_VERSION = 1;
				DEVELOPMENT_TEAM = A9757N5ZXY;
				GENERATE_INFOPLIST_FILE = YES;
				MARKETING_VERSION = 1.0;
				PRODUCT_BUNDLE_IDENTIFIER = com.arkemm.HarryPotterUITests;
				PRODUCT_NAME = "$(TARGET_NAME)";
				SWIFT_EMIT_LOC_STRINGS = NO;
				SWIFT_VERSION = 5.0;
				TARGETED_DEVICE_FAMILY = "1,2";
				TEST_TARGET_NAME = HarryPotter;
			};
			name = Debug;
		};
		4D95C5FD2CD65099006614C1 /* Release */ = {
			isa = XCBuildConfiguration;
			buildSettings = {
				CODE_SIGN_STYLE = Automatic;
				CURRENT_PROJECT_VERSION = 1;
				DEVELOPMENT_TEAM = A9757N5ZXY;
				GENERATE_INFOPLIST_FILE = YES;
				MARKETING_VERSION = 1.0;
				PRODUCT_BUNDLE_IDENTIFIER = com.arkemm.HarryPotterUITests;
				PRODUCT_NAME = "$(TARGET_NAME)";
				SWIFT_EMIT_LOC_STRINGS = NO;
				SWIFT_VERSION = 5.0;
				TARGETED_DEVICE_FAMILY = "1,2";
				TEST_TARGET_NAME = HarryPotter;
			};
			name = Release;
		};
/* End XCBuildConfiguration section */

/* Begin XCConfigurationList section */
		4D95C5CC2CD65098006614C1 /* Build configuration list for PBXProject "HarryPotter" */ = {
			isa = XCConfigurationList;
			buildConfigurations = (
				4D95C5F32CD65099006614C1 /* Debug */,
				4D95C5F42CD65099006614C1 /* Release */,
			);
			defaultConfigurationIsVisible = 0;
			defaultConfigurationName = Release;
		};
		4D95C5F52CD65099006614C1 /* Build configuration list for PBXNativeTarget "HarryPotter" */ = {
			isa = XCConfigurationList;
			buildConfigurations = (
				4D95C5F62CD65099006614C1 /* Debug */,
				4D95C5F72CD65099006614C1 /* Release */,
			);
			defaultConfigurationIsVisible = 0;
			defaultConfigurationName = Release;
		};
		4D95C5F82CD65099006614C1 /* Build configuration list for PBXNativeTarget "HarryPotterTests" */ = {
			isa = XCConfigurationList;
			buildConfigurations = (
				4D95C5F92CD65099006614C1 /* Debug */,
				4D95C5FA2CD65099006614C1 /* Release */,
			);
			defaultConfigurationIsVisible = 0;
			defaultConfigurationName = Release;
		};
		4D95C5FB2CD65099006614C1 /* Build configuration list for PBXNativeTarget "HarryPotterUITests" */ = {
			isa = XCConfigurationList;
			buildConfigurations = (
				4D95C5FC2CD65099006614C1 /* Debug */,
				4D95C5FD2CD65099006614C1 /* Release */,
			);
			defaultConfigurationIsVisible = 0;
			defaultConfigurationName = Release;
		};
/* End XCConfigurationList section */
	};
	rootObject = 4D95C5C92CD65098006614C1 /* Project object */;
}
